
Microsoft Visual Studio Solution File, Format Version 12.00
# Visual Studio 2013
VisualStudioVersion = 12.0.40418.0
MinimumVisualStudioVersion = 10.0.40219.1
Project("{FAE04EC0-301F-11D3-BF4B-00C04F79EFBC}") = "WordOfTheDay", "WordOfTheDay\WordOfTheDay.csproj", "{E320E71C-B5FC-4ED8-B233-788024302FA7}"
EndProject
Project("{FAE04EC0-301F-11D3-BF4B-00C04F79EFBC}") = "WordOfTheDay.iOS", "iOS\WordOfTheDay.iOS.csproj", "{97729865-C9C1-4796-AC13-9FF9938A555F}"
EndProject
Project("{FAE04EC0-301F-11D3-BF4B-00C04F79EFBC}") = "WordOfTheDay.Droid", "Droid\WordOfTheDay.Droid.csproj", "{89E56F02-4F4D-4801-A87D-1A54B0B8E820}"
EndProject
Project("{FAE04EC0-301F-11D3-BF4B-00C04F79EFBC}") = "WordOfTheDayTests", "WordOfTheDayTests\WordOfTheDayTests.csproj", "{E8AC106C-E01F-4A21-B5FC-4B0E4C0CD955}"
EndProject
Project("{2150E333-8FDC-42A3-9474-1A3956D46DE8}") = ".nuget", ".nuget", "{377FF83B-1CCB-4F01-A1B8-2019E676BC03}"
	ProjectSection(SolutionItems) = preProject
		.nuget\packages.config = .nuget\packages.config
	EndProjectSection
EndProject
Global
	GlobalSection(SolutionConfigurationPlatforms) = preSolution
		Ad-Hoc|Any CPU = Ad-Hoc|Any CPU
		Ad-Hoc|iPhone = Ad-Hoc|iPhone
		Ad-Hoc|iPhoneSimulator = Ad-Hoc|iPhoneSimulator
		AppStore|Any CPU = AppStore|Any CPU
		AppStore|iPhone = AppStore|iPhone
		AppStore|iPhoneSimulator = AppStore|iPhoneSimulator
		Debug|Any CPU = Debug|Any CPU
		Debug|iPhone = Debug|iPhone
		Debug|iPhoneSimulator = Debug|iPhoneSimulator
		Release|Any CPU = Release|Any CPU
		Release|iPhone = Release|iPhone
		Release|iPhoneSimulator = Release|iPhoneSimulator
		Test|Any CPU = Test|Any CPU
		Test|iPhone = Test|iPhone
		Test|iPhoneSimulator = Test|iPhoneSimulator
		Test-CB|Any CPU = Test-CB|Any CPU
		Test-CB|iPhone = Test-CB|iPhone
		Test-CB|iPhoneSimulator = Test-CB|iPhoneSimulator
	EndGlobalSection
	GlobalSection(ProjectConfigurationPlatforms) = postSolution
		{E320E71C-B5FC-4ED8-B233-788024302FA7}.Ad-Hoc|Any CPU.ActiveCfg = Test|Any CPU
		{E320E71C-B5FC-4ED8-B233-788024302FA7}.Ad-Hoc|Any CPU.Build.0 = Test|Any CPU
		{E320E71C-B5FC-4ED8-B233-788024302FA7}.Ad-Hoc|iPhone.ActiveCfg = Debug|Any CPU
		{E320E71C-B5FC-4ED8-B233-788024302FA7}.Ad-Hoc|iPhone.Build.0 = Debug|Any CPU
		{E320E71C-B5FC-4ED8-B233-788024302FA7}.Ad-Hoc|iPhoneSimulator.ActiveCfg = Test|Any CPU
		{E320E71C-B5FC-4ED8-B233-788024302FA7}.AppStore|Any CPU.ActiveCfg = Test|Any CPU
		{E320E71C-B5FC-4ED8-B233-788024302FA7}.AppStore|Any CPU.Build.0 = Test|Any CPU
		{E320E71C-B5FC-4ED8-B233-788024302FA7}.AppStore|iPhone.ActiveCfg = Debug|Any CPU
		{E320E71C-B5FC-4ED8-B233-788024302FA7}.AppStore|iPhone.Build.0 = Debug|Any CPU
		{E320E71C-B5FC-4ED8-B233-788024302FA7}.AppStore|iPhoneSimulator.ActiveCfg = Test|Any CPU
		{E320E71C-B5FC-4ED8-B233-788024302FA7}.Debug|Any CPU.ActiveCfg = Debug|Any CPU
		{E320E71C-B5FC-4ED8-B233-788024302FA7}.Debug|Any CPU.Build.0 = Debug|Any CPU
		{E320E71C-B5FC-4ED8-B233-788024302FA7}.Debug|iPhone.ActiveCfg = Debug|Any CPU
		{E320E71C-B5FC-4ED8-B233-788024302FA7}.Debug|iPhone.Build.0 = Debug|Any CPU
		{E320E71C-B5FC-4ED8-B233-788024302FA7}.Debug|iPhoneSimulator.ActiveCfg = Debug|Any CPU
		{E320E71C-B5FC-4ED8-B233-788024302FA7}.Debug|iPhoneSimulator.Build.0 = Debug|Any CPU
		{E320E71C-B5FC-4ED8-B233-788024302FA7}.Release|Any CPU.ActiveCfg = Release|Any CPU
		{E320E71C-B5FC-4ED8-B233-788024302FA7}.Release|Any CPU.Build.0 = Release|Any CPU
		{E320E71C-B5FC-4ED8-B233-788024302FA7}.Release|iPhone.ActiveCfg = Release|Any CPU
		{E320E71C-B5FC-4ED8-B233-788024302FA7}.Release|iPhone.Build.0 = Release|Any CPU
		{E320E71C-B5FC-4ED8-B233-788024302FA7}.Release|iPhoneSimulator.ActiveCfg = Release|Any CPU
		{E320E71C-B5FC-4ED8-B233-788024302FA7}.Release|iPhoneSimulator.Build.0 = Release|Any CPU
		{E320E71C-B5FC-4ED8-B233-788024302FA7}.Test|Any CPU.ActiveCfg = Test|Any CPU
		{E320E71C-B5FC-4ED8-B233-788024302FA7}.Test|Any CPU.Build.0 = Test|Any CPU
		{E320E71C-B5FC-4ED8-B233-788024302FA7}.Test|iPhone.ActiveCfg = Test|Any CPU
		{E320E71C-B5FC-4ED8-B233-788024302FA7}.Test|iPhone.Build.0 = Test|Any CPU
		{E320E71C-B5FC-4ED8-B233-788024302FA7}.Test|iPhoneSimulator.ActiveCfg = Test|Any CPU
		{E320E71C-B5FC-4ED8-B233-788024302FA7}.Test|iPhoneSimulator.Build.0 = Test|Any CPU
		{E320E71C-B5FC-4ED8-B233-788024302FA7}.Test-CB|Any CPU.ActiveCfg = Test|Any CPU
		{E320E71C-B5FC-4ED8-B233-788024302FA7}.Test-CB|Any CPU.Build.0 = Test|Any CPU
		{E320E71C-B5FC-4ED8-B233-788024302FA7}.Test-CB|iPhone.ActiveCfg = Test|Any CPU
		{E320E71C-B5FC-4ED8-B233-788024302FA7}.Test-CB|iPhoneSimulator.ActiveCfg = Test|Any CPU
		{97729865-C9C1-4796-AC13-9FF9938A555F}.Ad-Hoc|Any CPU.ActiveCfg = Ad-Hoc|iPhoneSimulator
		{97729865-C9C1-4796-AC13-9FF9938A555F}.Ad-Hoc|iPhone.ActiveCfg = Ad-Hoc|iPhone
		{97729865-C9C1-4796-AC13-9FF9938A555F}.Ad-Hoc|iPhone.Build.0 = Ad-Hoc|iPhone
		{97729865-C9C1-4796-AC13-9FF9938A555F}.Ad-Hoc|iPhoneSimulator.ActiveCfg = Ad-Hoc|iPhoneSimulator
		{97729865-C9C1-4796-AC13-9FF9938A555F}.Ad-Hoc|iPhoneSimulator.Build.0 = Ad-Hoc|iPhoneSimulator
		{97729865-C9C1-4796-AC13-9FF9938A555F}.AppStore|Any CPU.ActiveCfg = AppStore|iPhoneSimulator
		{97729865-C9C1-4796-AC13-9FF9938A555F}.AppStore|iPhone.ActiveCfg = AppStore|iPhone
		{97729865-C9C1-4796-AC13-9FF9938A555F}.AppStore|iPhone.Build.0 = AppStore|iPhone
		{97729865-C9C1-4796-AC13-9FF9938A555F}.AppStore|iPhoneSimulator.ActiveCfg = AppStore|iPhoneSimulator
		{97729865-C9C1-4796-AC13-9FF9938A555F}.AppStore|iPhoneSimulator.Build.0 = AppStore|iPhoneSimulator
		{97729865-C9C1-4796-AC13-9FF9938A555F}.Debug|Any CPU.ActiveCfg = Debug|iPhoneSimulator
		{97729865-C9C1-4796-AC13-9FF9938A555F}.Debug|Any CPU.Build.0 = Debug|iPhoneSimulator
		{97729865-C9C1-4796-AC13-9FF9938A555F}.Debug|iPhone.ActiveCfg = Debug|iPhoneSimulator
		{97729865-C9C1-4796-AC13-9FF9938A555F}.Debug|iPhone.Build.0 = Debug|iPhoneSimulator
		{97729865-C9C1-4796-AC13-9FF9938A555F}.Debug|iPhoneSimulator.ActiveCfg = Debug|iPhoneSimulator
		{97729865-C9C1-4796-AC13-9FF9938A555F}.Debug|iPhoneSimulator.Build.0 = Debug|iPhoneSimulator
		{97729865-C9C1-4796-AC13-9FF9938A555F}.Release|Any CPU.ActiveCfg = Release|iPhoneSimulator
		{97729865-C9C1-4796-AC13-9FF9938A555F}.Release|Any CPU.Build.0 = Release|iPhoneSimulator
		{97729865-C9C1-4796-AC13-9FF9938A555F}.Release|iPhone.ActiveCfg = Release|iPhoneSimulator
		{97729865-C9C1-4796-AC13-9FF9938A555F}.Release|iPhone.Build.0 = Release|iPhoneSimulator
		{97729865-C9C1-4796-AC13-9FF9938A555F}.Release|iPhoneSimulator.ActiveCfg = Release|iPhoneSimulator
		{97729865-C9C1-4796-AC13-9FF9938A555F}.Release|iPhoneSimulator.Build.0 = Release|iPhoneSimulator
		{97729865-C9C1-4796-AC13-9FF9938A555F}.Test|Any CPU.ActiveCfg = Test|iPhoneSimulator
		{97729865-C9C1-4796-AC13-9FF9938A555F}.Test|iPhone.ActiveCfg = Test|iPhoneSimulator
		{97729865-C9C1-4796-AC13-9FF9938A555F}.Test|iPhoneSimulator.ActiveCfg = Test|iPhoneSimulator
		{97729865-C9C1-4796-AC13-9FF9938A555F}.Test-CB|Any CPU.ActiveCfg = Test|iPhoneSimulator
		{97729865-C9C1-4796-AC13-9FF9938A555F}.Test-CB|Any CPU.Build.0 = Test|iPhoneSimulator
		{97729865-C9C1-4796-AC13-9FF9938A555F}.Test-CB|iPhone.ActiveCfg = Test|iPhone
		{97729865-C9C1-4796-AC13-9FF9938A555F}.Test-CB|iPhone.Build.0 = Test|iPhone
		{97729865-C9C1-4796-AC13-9FF9938A555F}.Test-CB|iPhoneSimulator.ActiveCfg = Test|iPhoneSimulator
		{97729865-C9C1-4796-AC13-9FF9938A555F}.Test-CB|iPhoneSimulator.Build.0 = Test|iPhoneSimulator
		{89E56F02-4F4D-4801-A87D-1A54B0B8E820}.Ad-Hoc|Any CPU.ActiveCfg = Debug|Any CPU
		{89E56F02-4F4D-4801-A87D-1A54B0B8E820}.Ad-Hoc|Any CPU.Build.0 = Debug|Any CPU
		{89E56F02-4F4D-4801-A87D-1A54B0B8E820}.Ad-Hoc|Any CPU.Deploy.0 = Debug|Any CPU
		{89E56F02-4F4D-4801-A87D-1A54B0B8E820}.Ad-Hoc|iPhone.ActiveCfg = Release|Any CPU
		{89E56F02-4F4D-4801-A87D-1A54B0B8E820}.Ad-Hoc|iPhone.Build.0 = Release|Any CPU
		{89E56F02-4F4D-4801-A87D-1A54B0B8E820}.Ad-Hoc|iPhoneSimulator.ActiveCfg = Debug|Any CPU
		{89E56F02-4F4D-4801-A87D-1A54B0B8E820}.AppStore|Any CPU.ActiveCfg = Debug|Any CPU
		{89E56F02-4F4D-4801-A87D-1A54B0B8E820}.AppStore|Any CPU.Build.0 = Debug|Any CPU
		{89E56F02-4F4D-4801-A87D-1A54B0B8E820}.AppStore|Any CPU.Deploy.0 = Debug|Any CPU
		{89E56F02-4F4D-4801-A87D-1A54B0B8E820}.AppStore|iPhone.ActiveCfg = Release|Any CPU
		{89E56F02-4F4D-4801-A87D-1A54B0B8E820}.AppStore|iPhone.Build.0 = Release|Any CPU
		{89E56F02-4F4D-4801-A87D-1A54B0B8E820}.AppStore|iPhoneSimulator.ActiveCfg = Debug|Any CPU
		{89E56F02-4F4D-4801-A87D-1A54B0B8E820}.Debug|Any CPU.ActiveCfg = Debug|Any CPU
		{89E56F02-4F4D-4801-A87D-1A54B0B8E820}.Debug|Any CPU.Build.0 = Debug|Any CPU
		{89E56F02-4F4D-4801-A87D-1A54B0B8E820}.Debug|iPhone.ActiveCfg = Debug|Any CPU
		{89E56F02-4F4D-4801-A87D-1A54B0B8E820}.Debug|iPhone.Build.0 = Debug|Any CPU
		{89E56F02-4F4D-4801-A87D-1A54B0B8E820}.Debug|iPhoneSimulator.ActiveCfg = Debug|Any CPU
		{89E56F02-4F4D-4801-A87D-1A54B0B8E820}.Debug|iPhoneSimulator.Build.0 = Debug|Any CPU
		{89E56F02-4F4D-4801-A87D-1A54B0B8E820}.Release|Any CPU.ActiveCfg = Release|Any CPU
		{89E56F02-4F4D-4801-A87D-1A54B0B8E820}.Release|Any CPU.Build.0 = Release|Any CPU
		{89E56F02-4F4D-4801-A87D-1A54B0B8E820}.Release|iPhone.ActiveCfg = Release|Any CPU
		{89E56F02-4F4D-4801-A87D-1A54B0B8E820}.Release|iPhoneSimulator.ActiveCfg = Release|Any CPU
		{89E56F02-4F4D-4801-A87D-1A54B0B8E820}.Test|Any CPU.ActiveCfg = Debug|Any CPU
		{89E56F02-4F4D-4801-A87D-1A54B0B8E820}.Test|iPhone.ActiveCfg = Debug|Any CPU
		{89E56F02-4F4D-4801-A87D-1A54B0B8E820}.Test|iPhoneSimulator.ActiveCfg = Debug|Any CPU
		{89E56F02-4F4D-4801-A87D-1A54B0B8E820}.Test-CB|Any CPU.ActiveCfg = Debug|Any CPU
		{89E56F02-4F4D-4801-A87D-1A54B0B8E820}.Test-CB|iPhone.ActiveCfg = Debug|Any CPU
		{89E56F02-4F4D-4801-A87D-1A54B0B8E820}.Test-CB|iPhoneSimulator.ActiveCfg = Debug|Any CPU
		{E8AC106C-E01F-4A21-B5FC-4B0E4C0CD955}.Ad-Hoc|Any CPU.ActiveCfg = Test|Any CPU
		{E8AC106C-E01F-4A21-B5FC-4B0E4C0CD955}.Ad-Hoc|Any CPU.Build.0 = Test|Any CPU
		{E8AC106C-E01F-4A21-B5FC-4B0E4C0CD955}.Ad-Hoc|iPhone.ActiveCfg = Debug|Any CPU
		{E8AC106C-E01F-4A21-B5FC-4B0E4C0CD955}.Ad-Hoc|iPhoneSimulator.ActiveCfg = Test|Any CPU
		{E8AC106C-E01F-4A21-B5FC-4B0E4C0CD955}.AppStore|Any CPU.ActiveCfg = Test|Any CPU
		{E8AC106C-E01F-4A21-B5FC-4B0E4C0CD955}.AppStore|Any CPU.Build.0 = Test|Any CPU
		{E8AC106C-E01F-4A21-B5FC-4B0E4C0CD955}.AppStore|iPhone.ActiveCfg = Debug|Any CPU
		{E8AC106C-E01F-4A21-B5FC-4B0E4C0CD955}.AppStore|iPhoneSimulator.ActiveCfg = Test|Any CPU
		{E8AC106C-E01F-4A21-B5FC-4B0E4C0CD955}.Debug|Any CPU.ActiveCfg = Debug|Any CPU
		{E8AC106C-E01F-4A21-B5FC-4B0E4C0CD955}.Debug|iPhone.ActiveCfg = Debug|Any CPU
		{E8AC106C-E01F-4A21-B5FC-4B0E4C0CD955}.Debug|iPhoneSimulator.ActiveCfg = Debug|Any CPU
		{E8AC106C-E01F-4A21-B5FC-4B0E4C0CD955}.Release|Any CPU.ActiveCfg = Test|Any CPU
		{E8AC106C-E01F-4A21-B5FC-4B0E4C0CD955}.Release|iPhone.ActiveCfg = Test|Any CPU
		{E8AC106C-E01F-4A21-B5FC-4B0E4C0CD955}.Release|iPhoneSimulator.ActiveCfg = Test|Any CPU
		{E8AC106C-E01F-4A21-B5FC-4B0E4C0CD955}.Test|Any CPU.ActiveCfg = Test|Any CPU
		{E8AC106C-E01F-4A21-B5FC-4B0E4C0CD955}.Test|Any CPU.Build.0 = Test|Any CPU
		{E8AC106C-E01F-4A21-B5FC-4B0E4C0CD955}.Test|iPhone.ActiveCfg = Test|Any CPU
		{E8AC106C-E01F-4A21-B5FC-4B0E4C0CD955}.Test|iPhone.Build.0 = Test|Any CPU
		{E8AC106C-E01F-4A21-B5FC-4B0E4C0CD955}.Test|iPhoneSimulator.ActiveCfg = Test|Any CPU
		{E8AC106C-E01F-4A21-B5FC-4B0E4C0CD955}.Test|iPhoneSimulator.Build.0 = Test|Any CPU
		{E8AC106C-E01F-4A21-B5FC-4B0E4C0CD955}.Test-CB|Any CPU.ActiveCfg = Test|Any CPU
		{E8AC106C-E01F-4A21-B5FC-4B0E4C0CD955}.Test-CB|Any CPU.Build.0 = Test|Any CPU
		{E8AC106C-E01F-4A21-B5FC-4B0E4C0CD955}.Test-CB|iPhone.ActiveCfg = Test|Any CPU
		{E8AC106C-E01F-4A21-B5FC-4B0E4C0CD955}.Test-CB|iPhoneSimulator.ActiveCfg = Test|Any CPU
	EndGlobalSection
	GlobalSection(SolutionProperties) = preSolution
		HideSolutionNode = FALSE
	EndGlobalSection
	GlobalSection(MonoDevelopProperties) = preSolution
		Policies = $0
		$0.DotNetNamingPolicy = $1
		$1.DirectoryNamespaceAssociation = PrefixedHierarchical
		$1.ResourceNamePolicy = FileFormatDefault
	EndGlobalSection
EndGlobal
